
Microsoft Visual Studio Solution File, Format Version 12.00
# Visual Studio Version 16
VisualStudioVersion = 16.0.32602.291
MinimumVisualStudioVersion = 10.0.40219.1
Project("{9A19103F-16F7-4668-BE54-9A1E7A4F7556}") = "ECommerce.Api.Products", "ECommerce.Api.Products\ECommerce.Api.Products.csproj", "{4F13F56C-F030-4E66-8C7E-40176A406848}"
EndProject
Project("{9A19103F-16F7-4668-BE54-9A1E7A4F7556}") = "ECommerce.Api.Customers", "ECommerce.Api.Customers\ECommerce.Api.Customers.csproj", "{7E822DCF-4B6A-4183-BE95-4B68D62ACB09}"
EndProject
Project("{9A19103F-16F7-4668-BE54-9A1E7A4F7556}") = "ECommerce.Api.Orders", "ECommerce.Api.Orders\ECommerce.Api.Orders.csproj", "{CE0B98E5-A0AA-40EE-8B3B-3E21E4F73206}"
EndProject
Project("{9A19103F-16F7-4668-BE54-9A1E7A4F7556}") = "ECommerce.Api.Search", "ECommerce.Api.Search\ECommerce.Api.Search.csproj", "{BC74A8BE-0577-4162-BA91-0286CC9E95B8}"
EndProject
Project("{FAE04EC0-301F-11D3-BF4B-00C04F79EFBC}") = "ECommerce.Api.Products.Tests", "ECommerce.Api.Products.Tests\ECommerce.Api.Products.Tests.csproj", "{0EF92DDB-9B16-4054-86B4-2E8C37ED2076}"
EndProject
Global
	GlobalSection(SolutionConfigurationPlatforms) = preSolution
		Debug|Any CPU = Debug|Any CPU
		Release|Any CPU = Release|Any CPU
	EndGlobalSection
	GlobalSection(ProjectConfigurationPlatforms) = postSolution
		{4F13F56C-F030-4E66-8C7E-40176A406848}.Debug|Any CPU.ActiveCfg = Debug|Any CPU
		{4F13F56C-F030-4E66-8C7E-40176A406848}.Debug|Any CPU.Build.0 = Debug|Any CPU
		{4F13F56C-F030-4E66-8C7E-40176A406848}.Release|Any CPU.ActiveCfg = Release|Any CPU
		{4F13F56C-F030-4E66-8C7E-40176A406848}.Release|Any CPU.Build.0 = Release|Any CPU
		{7E822DCF-4B6A-4183-BE95-4B68D62ACB09}.Debug|Any CPU.ActiveCfg = Debug|Any CPU
		{7E822DCF-4B6A-4183-BE95-4B68D62ACB09}.Debug|Any CPU.Build.0 = Debug|Any CPU
		{7E822DCF-4B6A-4183-BE95-4B68D62ACB09}.Release|Any CPU.ActiveCfg = Release|Any CPU
		{7E822DCF-4B6A-4183-BE95-4B68D62ACB09}.Release|Any CPU.Build.0 = Release|Any CPU
		{CE0B98E5-A0AA-40EE-8B3B-3E21E4F73206}.Debug|Any CPU.ActiveCfg = Debug|Any CPU
		{CE0B98E5-A0AA-40EE-8B3B-3E21E4F73206}.Debug|Any CPU.Build.0 = Debug|Any CPU
		{CE0B98E5-A0AA-40EE-8B3B-3E21E4F73206}.Release|Any CPU.ActiveCfg = Release|Any CPU
		{CE0B98E5-A0AA-40EE-8B3B-3E21E4F73206}.Release|Any CPU.Build.0 = Release|Any CPU
		{BC74A8BE-0577-4162-BA91-0286CC9E95B8}.Debug|Any CPU.ActiveCfg = Debug|Any CPU
		{BC74A8BE-0577-4162-BA91-0286CC9E95B8}.Debug|Any CPU.Build.0 = Debug|Any CPU
		{BC74A8BE-0577-4162-BA91-0286CC9E95B8}.Release|Any CPU.ActiveCfg = Release|Any CPU
		{BC74A8BE-0577-4162-BA91-0286CC9E95B8}.Release|Any CPU.Build.0 = Release|Any CPU
		{0EF92DDB-9B16-4054-86B4-2E8C37ED2076}.Debug|Any CPU.ActiveCfg = Debug|Any CPU
		{0EF92DDB-9B16-4054-86B4-2E8C37ED2076}.Debug|Any CPU.Build.0 = Debug|Any CPU
		{0EF92DDB-9B16-4054-86B4-2E8C37ED2076}.Release|Any CPU.ActiveCfg = Release|Any CPU
		{0EF92DDB-9B16-4054-86B4-2E8C37ED2076}.Release|Any CPU.Build.0 = Release|Any CPU
	EndGlobalSection
	GlobalSection(SolutionProperties) = preSolution
		HideSolutionNode = FALSE
	EndGlobalSection
	GlobalSection(ExtensibilityGlobals) = postSolution
		SolutionGuid = {60F06773-B1CB-4F48-AAC2-5BF96AE7945E}
	EndGlobalSection
EndGlobal
